
Microsoft Visual Studio Solution File, Format Version 12.00
# Visual Studio Version 16
VisualStudioVersion = 16.0.29324.140
MinimumVisualStudioVersion = 10.0.40219.1
Project("{FAE04EC0-301F-11D3-BF4B-00C04F79EFBC}") = "mrHelper.App", "src\App\mrHelper.App.csproj", "{4ABD84D9-3B43-4B0D-97E2-BBF6C1F6B7EC}"
EndProject
Project("{FAE04EC0-301F-11D3-BF4B-00C04F79EFBC}") = "mrHelper.GitLabClient", "src\GitLabClient\mrHelper.GitLabClient.csproj", "{4FC6E6EA-32F4-486A-A6D5-A30D72651D15}"
EndProject
Project("{FAE04EC0-301F-11D3-BF4B-00C04F79EFBC}") = "mrHelper.Core", "src\Core\mrHelper.Core.csproj", "{3789E25D-B132-4661-9BFC-99385E606572}"
EndProject
Project("{FAE04EC0-301F-11D3-BF4B-00C04F79EFBC}") = "mrHelper.CustomActions", "src\CustomActions\mrHelper.CustomActions.csproj", "{CB91AD53-06A4-45C2-B568-215BD24033BC}"
EndProject
Project("{FAE04EC0-301F-11D3-BF4B-00C04F79EFBC}") = "mrHelper.DiffTool", "src\DiffTool\mrHelper.DiffTool.csproj", "{B3A4A6EB-E9DF-47B1-BDF4-089DF6ED0DA5}"
EndProject
Project("{FAE04EC0-301F-11D3-BF4B-00C04F79EFBC}") = "mrHelper.Common", "src\Common\mrHelper.Common.csproj", "{5D0CE433-F70E-448E-B9F5-ECCB7ABD880A}"
EndProject
Project("{FAE04EC0-301F-11D3-BF4B-00C04F79EFBC}") = "GitLabSharp", "submodules\GitLabSharp\GitLabSharp.csproj", "{44EC19BF-2FCE-4B8C-9D50-A61BD69A27C0}"
EndProject
Project("{FAE04EC0-301F-11D3-BF4B-00C04F79EFBC}") = "mrHelper.Integration", "src\Integration\mrHelper.Integration.csproj", "{0AE768B1-4F8B-4B8B-A5C0-437ADF02E42B}"
EndProject
Project("{FAE04EC0-301F-11D3-BF4B-00C04F79EFBC}") = "mrHelper.CommonControls", "src\CommonControls\mrHelper.CommonControls.csproj", "{2C6BDBB7-C1E2-46B6-A850-47892837F0C3}"
EndProject
Project("{FAE04EC0-301F-11D3-BF4B-00C04F79EFBC}") = "mrHelper.CommonNative", "src\CommonNative\mrHelper.CommonNative.csproj", "{31433881-1F90-4513-9970-8B27CD635328}"
EndProject
Project("{FAE04EC0-301F-11D3-BF4B-00C04F79EFBC}") = "mrHelper.GitClient", "src\GitClient\mrHelper.GitClient.csproj", "{D75B7B19-B06B-42E9-9363-437F5640A045}"
EndProject
Project("{FAE04EC0-301F-11D3-BF4B-00C04F79EFBC}") = "mrHelper.InstallerCustomActions", "src\InstallerCustomActions\mrHelper.InstallerCustomActions.csproj", "{63D6B295-75AA-4C53-9EA4-F9FB632B9611}"
EndProject
Project("{C7167F0D-BC9F-4E6E-AFE1-012C56B48DB5}") = "mrHelper-Package", "submodules\mrHelper.Install\msix\Package\mrHelper-Package.wapproj", "{C885EDB5-930E-4198-AC2A-938BDEBAA775}"
EndProject
Project("{FAE04EC0-301F-11D3-BF4B-00C04F79EFBC}") = "mrHelper.RevertMSI", "src\RevertMSI\mrHelper.RevertMSI.csproj", "{BFAF7A3C-3052-49A4-88A9-D5893CCF55DA}"
EndProject
Project("{930C7802-8A8C-48F9-8165-68863BCCD9DD}") = "mrHelper-WiX", "submodules\mrHelper.Install\msi\mrHelper-WiX\mrHelper-WiX.wixproj", "{AA181309-9DD3-412C-8651-D5E72763DB2B}"
EndProject
Global
	GlobalSection(SolutionConfigurationPlatforms) = preSolution
		Debug|Any CPU = Debug|Any CPU
		Debug|ARM = Debug|ARM
		Debug|ARM64 = Debug|ARM64
		Debug|x64 = Debug|x64
		Debug|x86 = Debug|x86
		Install|Any CPU = Install|Any CPU
		Install|ARM = Install|ARM
		Install|ARM64 = Install|ARM64
		Install|x64 = Install|x64
		Install|x86 = Install|x86
		Release|Any CPU = Release|Any CPU
		Release|ARM = Release|ARM
		Release|ARM64 = Release|ARM64
		Release|x64 = Release|x64
		Release|x86 = Release|x86
	EndGlobalSection
	GlobalSection(ProjectConfigurationPlatforms) = postSolution
		{4ABD84D9-3B43-4B0D-97E2-BBF6C1F6B7EC}.Debug|Any CPU.ActiveCfg = Debug|Any CPU
		{4ABD84D9-3B43-4B0D-97E2-BBF6C1F6B7EC}.Debug|Any CPU.Build.0 = Debug|Any CPU
		{4ABD84D9-3B43-4B0D-97E2-BBF6C1F6B7EC}.Debug|ARM.ActiveCfg = Debug|Any CPU
		{4ABD84D9-3B43-4B0D-97E2-BBF6C1F6B7EC}.Debug|ARM.Build.0 = Debug|Any CPU
		{4ABD84D9-3B43-4B0D-97E2-BBF6C1F6B7EC}.Debug|ARM64.ActiveCfg = Debug|Any CPU
		{4ABD84D9-3B43-4B0D-97E2-BBF6C1F6B7EC}.Debug|ARM64.Build.0 = Debug|Any CPU
		{4ABD84D9-3B43-4B0D-97E2-BBF6C1F6B7EC}.Debug|x64.ActiveCfg = Debug|Any CPU
		{4ABD84D9-3B43-4B0D-97E2-BBF6C1F6B7EC}.Debug|x64.Build.0 = Debug|Any CPU
		{4ABD84D9-3B43-4B0D-97E2-BBF6C1F6B7EC}.Debug|x86.ActiveCfg = Debug|Any CPU
		{4ABD84D9-3B43-4B0D-97E2-BBF6C1F6B7EC}.Debug|x86.Build.0 = Debug|Any CPU
		{4ABD84D9-3B43-4B0D-97E2-BBF6C1F6B7EC}.Install|Any CPU.ActiveCfg = Release|Any CPU
		{4ABD84D9-3B43-4B0D-97E2-BBF6C1F6B7EC}.Install|ARM.ActiveCfg = Release|Any CPU
		{4ABD84D9-3B43-4B0D-97E2-BBF6C1F6B7EC}.Install|ARM.Build.0 = Release|Any CPU
		{4ABD84D9-3B43-4B0D-97E2-BBF6C1F6B7EC}.Install|ARM64.ActiveCfg = Release|Any CPU
		{4ABD84D9-3B43-4B0D-97E2-BBF6C1F6B7EC}.Install|ARM64.Build.0 = Release|Any CPU
		{4ABD84D9-3B43-4B0D-97E2-BBF6C1F6B7EC}.Install|x64.ActiveCfg = Release|Any CPU
		{4ABD84D9-3B43-4B0D-97E2-BBF6C1F6B7EC}.Install|x64.Build.0 = Release|Any CPU
		{4ABD84D9-3B43-4B0D-97E2-BBF6C1F6B7EC}.Install|x86.ActiveCfg = Release|Any CPU
		{4ABD84D9-3B43-4B0D-97E2-BBF6C1F6B7EC}.Install|x86.Build.0 = Release|Any CPU
		{4ABD84D9-3B43-4B0D-97E2-BBF6C1F6B7EC}.Release|Any CPU.ActiveCfg = Release|Any CPU
		{4ABD84D9-3B43-4B0D-97E2-BBF6C1F6B7EC}.Release|Any CPU.Build.0 = Release|Any CPU
		{4ABD84D9-3B43-4B0D-97E2-BBF6C1F6B7EC}.Release|ARM.ActiveCfg = Release|Any CPU
		{4ABD84D9-3B43-4B0D-97E2-BBF6C1F6B7EC}.Release|ARM.Build.0 = Release|Any CPU
		{4ABD84D9-3B43-4B0D-97E2-BBF6C1F6B7EC}.Release|ARM64.ActiveCfg = Release|Any CPU
		{4ABD84D9-3B43-4B0D-97E2-BBF6C1F6B7EC}.Release|ARM64.Build.0 = Release|Any CPU
		{4ABD84D9-3B43-4B0D-97E2-BBF6C1F6B7EC}.Release|x64.ActiveCfg = Release|Any CPU
		{4ABD84D9-3B43-4B0D-97E2-BBF6C1F6B7EC}.Release|x64.Build.0 = Release|Any CPU
		{4ABD84D9-3B43-4B0D-97E2-BBF6C1F6B7EC}.Release|x86.ActiveCfg = Release|Any CPU
		{4ABD84D9-3B43-4B0D-97E2-BBF6C1F6B7EC}.Release|x86.Build.0 = Release|Any CPU
		{4FC6E6EA-32F4-486A-A6D5-A30D72651D15}.Debug|Any CPU.ActiveCfg = Debug|Any CPU
		{4FC6E6EA-32F4-486A-A6D5-A30D72651D15}.Debug|Any CPU.Build.0 = Debug|Any CPU
		{4FC6E6EA-32F4-486A-A6D5-A30D72651D15}.Debug|ARM.ActiveCfg = Debug|Any CPU
		{4FC6E6EA-32F4-486A-A6D5-A30D72651D15}.Debug|ARM.Build.0 = Debug|Any CPU
		{4FC6E6EA-32F4-486A-A6D5-A30D72651D15}.Debug|ARM64.ActiveCfg = Debug|Any CPU
		{4FC6E6EA-32F4-486A-A6D5-A30D72651D15}.Debug|ARM64.Build.0 = Debug|Any CPU
		{4FC6E6EA-32F4-486A-A6D5-A30D72651D15}.Debug|x64.ActiveCfg = Debug|Any CPU
		{4FC6E6EA-32F4-486A-A6D5-A30D72651D15}.Debug|x64.Build.0 = Debug|Any CPU
		{4FC6E6EA-32F4-486A-A6D5-A30D72651D15}.Debug|x86.ActiveCfg = Debug|Any CPU
		{4FC6E6EA-32F4-486A-A6D5-A30D72651D15}.Debug|x86.Build.0 = Debug|Any CPU
		{4FC6E6EA-32F4-486A-A6D5-A30D72651D15}.Install|Any CPU.ActiveCfg = Release|Any CPU
		{4FC6E6EA-32F4-486A-A6D5-A30D72651D15}.Install|ARM.ActiveCfg = Release|Any CPU
		{4FC6E6EA-32F4-486A-A6D5-A30D72651D15}.Install|ARM.Build.0 = Release|Any CPU
		{4FC6E6EA-32F4-486A-A6D5-A30D72651D15}.Install|ARM64.ActiveCfg = Release|Any CPU
		{4FC6E6EA-32F4-486A-A6D5-A30D72651D15}.Install|ARM64.Build.0 = Release|Any CPU
		{4FC6E6EA-32F4-486A-A6D5-A30D72651D15}.Install|x64.ActiveCfg = Release|Any CPU
		{4FC6E6EA-32F4-486A-A6D5-A30D72651D15}.Install|x64.Build.0 = Release|Any CPU
		{4FC6E6EA-32F4-486A-A6D5-A30D72651D15}.Install|x86.ActiveCfg = Release|Any CPU
		{4FC6E6EA-32F4-486A-A6D5-A30D72651D15}.Install|x86.Build.0 = Release|Any CPU
		{4FC6E6EA-32F4-486A-A6D5-A30D72651D15}.Release|Any CPU.ActiveCfg = Release|Any CPU
		{4FC6E6EA-32F4-486A-A6D5-A30D72651D15}.Release|Any CPU.Build.0 = Release|Any CPU
		{4FC6E6EA-32F4-486A-A6D5-A30D72651D15}.Release|ARM.ActiveCfg = Release|Any CPU
		{4FC6E6EA-32F4-486A-A6D5-A30D72651D15}.Release|ARM.Build.0 = Release|Any CPU
		{4FC6E6EA-32F4-486A-A6D5-A30D72651D15}.Release|ARM64.ActiveCfg = Release|Any CPU
		{4FC6E6EA-32F4-486A-A6D5-A30D72651D15}.Release|ARM64.Build.0 = Release|Any CPU
		{4FC6E6EA-32F4-486A-A6D5-A30D72651D15}.Release|x64.ActiveCfg = Release|Any CPU
		{4FC6E6EA-32F4-486A-A6D5-A30D72651D15}.Release|x64.Build.0 = Release|Any CPU
		{4FC6E6EA-32F4-486A-A6D5-A30D72651D15}.Release|x86.ActiveCfg = Release|Any CPU
		{4FC6E6EA-32F4-486A-A6D5-A30D72651D15}.Release|x86.Build.0 = Release|Any CPU
		{3789E25D-B132-4661-9BFC-99385E606572}.Debug|Any CPU.ActiveCfg = Debug|Any CPU
		{3789E25D-B132-4661-9BFC-99385E606572}.Debug|Any CPU.Build.0 = Debug|Any CPU
		{3789E25D-B132-4661-9BFC-99385E606572}.Debug|ARM.ActiveCfg = Debug|Any CPU
		{3789E25D-B132-4661-9BFC-99385E606572}.Debug|ARM.Build.0 = Debug|Any CPU
		{3789E25D-B132-4661-9BFC-99385E606572}.Debug|ARM64.ActiveCfg = Debug|Any CPU
		{3789E25D-B132-4661-9BFC-99385E606572}.Debug|ARM64.Build.0 = Debug|Any CPU
		{3789E25D-B132-4661-9BFC-99385E606572}.Debug|x64.ActiveCfg = Debug|Any CPU
		{3789E25D-B132-4661-9BFC-99385E606572}.Debug|x64.Build.0 = Debug|Any CPU
		{3789E25D-B132-4661-9BFC-99385E606572}.Debug|x86.ActiveCfg = Debug|Any CPU
		{3789E25D-B132-4661-9BFC-99385E606572}.Debug|x86.Build.0 = Debug|Any CPU
		{3789E25D-B132-4661-9BFC-99385E606572}.Install|Any CPU.ActiveCfg = Release|Any CPU
		{3789E25D-B132-4661-9BFC-99385E606572}.Install|ARM.ActiveCfg = Release|Any CPU
		{3789E25D-B132-4661-9BFC-99385E606572}.Install|ARM.Build.0 = Release|Any CPU
		{3789E25D-B132-4661-9BFC-99385E606572}.Install|ARM64.ActiveCfg = Release|Any CPU
		{3789E25D-B132-4661-9BFC-99385E606572}.Install|ARM64.Build.0 = Release|Any CPU
		{3789E25D-B132-4661-9BFC-99385E606572}.Install|x64.ActiveCfg = Release|Any CPU
		{3789E25D-B132-4661-9BFC-99385E606572}.Install|x64.Build.0 = Release|Any CPU
		{3789E25D-B132-4661-9BFC-99385E606572}.Install|x86.ActiveCfg = Release|Any CPU
		{3789E25D-B132-4661-9BFC-99385E606572}.Install|x86.Build.0 = Release|Any CPU
		{3789E25D-B132-4661-9BFC-99385E606572}.Release|Any CPU.ActiveCfg = Release|Any CPU
		{3789E25D-B132-4661-9BFC-99385E606572}.Release|Any CPU.Build.0 = Release|Any CPU
		{3789E25D-B132-4661-9BFC-99385E606572}.Release|ARM.ActiveCfg = Release|Any CPU
		{3789E25D-B132-4661-9BFC-99385E606572}.Release|ARM.Build.0 = Release|Any CPU
		{3789E25D-B132-4661-9BFC-99385E606572}.Release|ARM64.ActiveCfg = Release|Any CPU
		{3789E25D-B132-4661-9BFC-99385E606572}.Release|ARM64.Build.0 = Release|Any CPU
		{3789E25D-B132-4661-9BFC-99385E606572}.Release|x64.ActiveCfg = Release|Any CPU
		{3789E25D-B132-4661-9BFC-99385E606572}.Release|x64.Build.0 = Release|Any CPU
		{3789E25D-B132-4661-9BFC-99385E606572}.Release|x86.ActiveCfg = Release|Any CPU
		{3789E25D-B132-4661-9BFC-99385E606572}.Release|x86.Build.0 = Release|Any CPU
		{CB91AD53-06A4-45C2-B568-215BD24033BC}.Debug|Any CPU.ActiveCfg = Debug|Any CPU
		{CB91AD53-06A4-45C2-B568-215BD24033BC}.Debug|Any CPU.Build.0 = Debug|Any CPU
		{CB91AD53-06A4-45C2-B568-215BD24033BC}.Debug|ARM.ActiveCfg = Debug|Any CPU
		{CB91AD53-06A4-45C2-B568-215BD24033BC}.Debug|ARM.Build.0 = Debug|Any CPU
		{CB91AD53-06A4-45C2-B568-215BD24033BC}.Debug|ARM64.ActiveCfg = Debug|Any CPU
		{CB91AD53-06A4-45C2-B568-215BD24033BC}.Debug|ARM64.Build.0 = Debug|Any CPU
		{CB91AD53-06A4-45C2-B568-215BD24033BC}.Debug|x64.ActiveCfg = Debug|Any CPU
		{CB91AD53-06A4-45C2-B568-215BD24033BC}.Debug|x64.Build.0 = Debug|Any CPU
		{CB91AD53-06A4-45C2-B568-215BD24033BC}.Debug|x86.ActiveCfg = Debug|Any CPU
		{CB91AD53-06A4-45C2-B568-215BD24033BC}.Debug|x86.Build.0 = Debug|Any CPU
		{CB91AD53-06A4-45C2-B568-215BD24033BC}.Install|Any CPU.ActiveCfg = Release|Any CPU
		{CB91AD53-06A4-45C2-B568-215BD24033BC}.Install|ARM.ActiveCfg = Release|Any CPU
		{CB91AD53-06A4-45C2-B568-215BD24033BC}.Install|ARM.Build.0 = Release|Any CPU
		{CB91AD53-06A4-45C2-B568-215BD24033BC}.Install|ARM64.ActiveCfg = Release|Any CPU
		{CB91AD53-06A4-45C2-B568-215BD24033BC}.Install|ARM64.Build.0 = Release|Any CPU
		{CB91AD53-06A4-45C2-B568-215BD24033BC}.Install|x64.ActiveCfg = Release|Any CPU
		{CB91AD53-06A4-45C2-B568-215BD24033BC}.Install|x64.Build.0 = Release|Any CPU
		{CB91AD53-06A4-45C2-B568-215BD24033BC}.Install|x86.ActiveCfg = Release|Any CPU
		{CB91AD53-06A4-45C2-B568-215BD24033BC}.Install|x86.Build.0 = Release|Any CPU
		{CB91AD53-06A4-45C2-B568-215BD24033BC}.Release|Any CPU.ActiveCfg = Release|Any CPU
		{CB91AD53-06A4-45C2-B568-215BD24033BC}.Release|Any CPU.Build.0 = Release|Any CPU
		{CB91AD53-06A4-45C2-B568-215BD24033BC}.Release|ARM.ActiveCfg = Release|Any CPU
		{CB91AD53-06A4-45C2-B568-215BD24033BC}.Release|ARM.Build.0 = Release|Any CPU
		{CB91AD53-06A4-45C2-B568-215BD24033BC}.Release|ARM64.ActiveCfg = Release|Any CPU
		{CB91AD53-06A4-45C2-B568-215BD24033BC}.Release|ARM64.Build.0 = Release|Any CPU
		{CB91AD53-06A4-45C2-B568-215BD24033BC}.Release|x64.ActiveCfg = Release|Any CPU
		{CB91AD53-06A4-45C2-B568-215BD24033BC}.Release|x64.Build.0 = Release|Any CPU
		{CB91AD53-06A4-45C2-B568-215BD24033BC}.Release|x86.ActiveCfg = Release|Any CPU
		{CB91AD53-06A4-45C2-B568-215BD24033BC}.Release|x86.Build.0 = Release|Any CPU
		{B3A4A6EB-E9DF-47B1-BDF4-089DF6ED0DA5}.Debug|Any CPU.ActiveCfg = Debug|Any CPU
		{B3A4A6EB-E9DF-47B1-BDF4-089DF6ED0DA5}.Debug|Any CPU.Build.0 = Debug|Any CPU
		{B3A4A6EB-E9DF-47B1-BDF4-089DF6ED0DA5}.Debug|ARM.ActiveCfg = Debug|Any CPU
		{B3A4A6EB-E9DF-47B1-BDF4-089DF6ED0DA5}.Debug|ARM.Build.0 = Debug|Any CPU
		{B3A4A6EB-E9DF-47B1-BDF4-089DF6ED0DA5}.Debug|ARM64.ActiveCfg = Debug|Any CPU
		{B3A4A6EB-E9DF-47B1-BDF4-089DF6ED0DA5}.Debug|ARM64.Build.0 = Debug|Any CPU
		{B3A4A6EB-E9DF-47B1-BDF4-089DF6ED0DA5}.Debug|x64.ActiveCfg = Debug|Any CPU
		{B3A4A6EB-E9DF-47B1-BDF4-089DF6ED0DA5}.Debug|x64.Build.0 = Debug|Any CPU
		{B3A4A6EB-E9DF-47B1-BDF4-089DF6ED0DA5}.Debug|x86.ActiveCfg = Debug|Any CPU
		{B3A4A6EB-E9DF-47B1-BDF4-089DF6ED0DA5}.Debug|x86.Build.0 = Debug|Any CPU
		{B3A4A6EB-E9DF-47B1-BDF4-089DF6ED0DA5}.Install|Any CPU.ActiveCfg = Release|Any CPU
		{B3A4A6EB-E9DF-47B1-BDF4-089DF6ED0DA5}.Install|ARM.ActiveCfg = Release|Any CPU
		{B3A4A6EB-E9DF-47B1-BDF4-089DF6ED0DA5}.Install|ARM.Build.0 = Release|Any CPU
		{B3A4A6EB-E9DF-47B1-BDF4-089DF6ED0DA5}.Install|ARM64.ActiveCfg = Release|Any CPU
		{B3A4A6EB-E9DF-47B1-BDF4-089DF6ED0DA5}.Install|ARM64.Build.0 = Release|Any CPU
		{B3A4A6EB-E9DF-47B1-BDF4-089DF6ED0DA5}.Install|x64.ActiveCfg = Release|Any CPU
		{B3A4A6EB-E9DF-47B1-BDF4-089DF6ED0DA5}.Install|x64.Build.0 = Release|Any CPU
		{B3A4A6EB-E9DF-47B1-BDF4-089DF6ED0DA5}.Install|x86.ActiveCfg = Release|Any CPU
		{B3A4A6EB-E9DF-47B1-BDF4-089DF6ED0DA5}.Install|x86.Build.0 = Release|Any CPU
		{B3A4A6EB-E9DF-47B1-BDF4-089DF6ED0DA5}.Release|Any CPU.ActiveCfg = Release|Any CPU
		{B3A4A6EB-E9DF-47B1-BDF4-089DF6ED0DA5}.Release|Any CPU.Build.0 = Release|Any CPU
		{B3A4A6EB-E9DF-47B1-BDF4-089DF6ED0DA5}.Release|ARM.ActiveCfg = Release|Any CPU
		{B3A4A6EB-E9DF-47B1-BDF4-089DF6ED0DA5}.Release|ARM.Build.0 = Release|Any CPU
		{B3A4A6EB-E9DF-47B1-BDF4-089DF6ED0DA5}.Release|ARM64.ActiveCfg = Release|Any CPU
		{B3A4A6EB-E9DF-47B1-BDF4-089DF6ED0DA5}.Release|ARM64.Build.0 = Release|Any CPU
		{B3A4A6EB-E9DF-47B1-BDF4-089DF6ED0DA5}.Release|x64.ActiveCfg = Release|Any CPU
		{B3A4A6EB-E9DF-47B1-BDF4-089DF6ED0DA5}.Release|x64.Build.0 = Release|Any CPU
		{B3A4A6EB-E9DF-47B1-BDF4-089DF6ED0DA5}.Release|x86.ActiveCfg = Release|Any CPU
		{B3A4A6EB-E9DF-47B1-BDF4-089DF6ED0DA5}.Release|x86.Build.0 = Release|Any CPU
		{5D0CE433-F70E-448E-B9F5-ECCB7ABD880A}.Debug|Any CPU.ActiveCfg = Debug|Any CPU
		{5D0CE433-F70E-448E-B9F5-ECCB7ABD880A}.Debug|Any CPU.Build.0 = Debug|Any CPU
		{5D0CE433-F70E-448E-B9F5-ECCB7ABD880A}.Debug|ARM.ActiveCfg = Debug|Any CPU
		{5D0CE433-F70E-448E-B9F5-ECCB7ABD880A}.Debug|ARM.Build.0 = Debug|Any CPU
		{5D0CE433-F70E-448E-B9F5-ECCB7ABD880A}.Debug|ARM64.ActiveCfg = Debug|Any CPU
		{5D0CE433-F70E-448E-B9F5-ECCB7ABD880A}.Debug|ARM64.Build.0 = Debug|Any CPU
		{5D0CE433-F70E-448E-B9F5-ECCB7ABD880A}.Debug|x64.ActiveCfg = Debug|Any CPU
		{5D0CE433-F70E-448E-B9F5-ECCB7ABD880A}.Debug|x64.Build.0 = Debug|Any CPU
		{5D0CE433-F70E-448E-B9F5-ECCB7ABD880A}.Debug|x86.ActiveCfg = Debug|Any CPU
		{5D0CE433-F70E-448E-B9F5-ECCB7ABD880A}.Debug|x86.Build.0 = Debug|Any CPU
		{5D0CE433-F70E-448E-B9F5-ECCB7ABD880A}.Install|Any CPU.ActiveCfg = Release|Any CPU
		{5D0CE433-F70E-448E-B9F5-ECCB7ABD880A}.Install|ARM.ActiveCfg = Release|Any CPU
		{5D0CE433-F70E-448E-B9F5-ECCB7ABD880A}.Install|ARM.Build.0 = Release|Any CPU
		{5D0CE433-F70E-448E-B9F5-ECCB7ABD880A}.Install|ARM64.ActiveCfg = Release|Any CPU
		{5D0CE433-F70E-448E-B9F5-ECCB7ABD880A}.Install|ARM64.Build.0 = Release|Any CPU
		{5D0CE433-F70E-448E-B9F5-ECCB7ABD880A}.Install|x64.ActiveCfg = Release|Any CPU
		{5D0CE433-F70E-448E-B9F5-ECCB7ABD880A}.Install|x64.Build.0 = Release|Any CPU
		{5D0CE433-F70E-448E-B9F5-ECCB7ABD880A}.Install|x86.ActiveCfg = Release|Any CPU
		{5D0CE433-F70E-448E-B9F5-ECCB7ABD880A}.Install|x86.Build.0 = Release|Any CPU
		{5D0CE433-F70E-448E-B9F5-ECCB7ABD880A}.Release|Any CPU.ActiveCfg = Release|Any CPU
		{5D0CE433-F70E-448E-B9F5-ECCB7ABD880A}.Release|Any CPU.Build.0 = Release|Any CPU
		{5D0CE433-F70E-448E-B9F5-ECCB7ABD880A}.Release|ARM.ActiveCfg = Release|Any CPU
		{5D0CE433-F70E-448E-B9F5-ECCB7ABD880A}.Release|ARM.Build.0 = Release|Any CPU
		{5D0CE433-F70E-448E-B9F5-ECCB7ABD880A}.Release|ARM64.ActiveCfg = Release|Any CPU
		{5D0CE433-F70E-448E-B9F5-ECCB7ABD880A}.Release|ARM64.Build.0 = Release|Any CPU
		{5D0CE433-F70E-448E-B9F5-ECCB7ABD880A}.Release|x64.ActiveCfg = Release|Any CPU
		{5D0CE433-F70E-448E-B9F5-ECCB7ABD880A}.Release|x64.Build.0 = Release|Any CPU
		{5D0CE433-F70E-448E-B9F5-ECCB7ABD880A}.Release|x86.ActiveCfg = Release|Any CPU
		{5D0CE433-F70E-448E-B9F5-ECCB7ABD880A}.Release|x86.Build.0 = Release|Any CPU
		{44EC19BF-2FCE-4B8C-9D50-A61BD69A27C0}.Debug|Any CPU.ActiveCfg = Debug|Any CPU
		{44EC19BF-2FCE-4B8C-9D50-A61BD69A27C0}.Debug|Any CPU.Build.0 = Debug|Any CPU
		{44EC19BF-2FCE-4B8C-9D50-A61BD69A27C0}.Debug|ARM.ActiveCfg = Debug|Any CPU
		{44EC19BF-2FCE-4B8C-9D50-A61BD69A27C0}.Debug|ARM.Build.0 = Debug|Any CPU
		{44EC19BF-2FCE-4B8C-9D50-A61BD69A27C0}.Debug|ARM64.ActiveCfg = Debug|Any CPU
		{44EC19BF-2FCE-4B8C-9D50-A61BD69A27C0}.Debug|ARM64.Build.0 = Debug|Any CPU
		{44EC19BF-2FCE-4B8C-9D50-A61BD69A27C0}.Debug|x64.ActiveCfg = Debug|Any CPU
		{44EC19BF-2FCE-4B8C-9D50-A61BD69A27C0}.Debug|x64.Build.0 = Debug|Any CPU
		{44EC19BF-2FCE-4B8C-9D50-A61BD69A27C0}.Debug|x86.ActiveCfg = Debug|Any CPU
		{44EC19BF-2FCE-4B8C-9D50-A61BD69A27C0}.Debug|x86.Build.0 = Debug|Any CPU
		{44EC19BF-2FCE-4B8C-9D50-A61BD69A27C0}.Install|Any CPU.ActiveCfg = Release|Any CPU
		{44EC19BF-2FCE-4B8C-9D50-A61BD69A27C0}.Install|ARM.ActiveCfg = Release|Any CPU
		{44EC19BF-2FCE-4B8C-9D50-A61BD69A27C0}.Install|ARM.Build.0 = Release|Any CPU
		{44EC19BF-2FCE-4B8C-9D50-A61BD69A27C0}.Install|ARM64.ActiveCfg = Release|Any CPU
		{44EC19BF-2FCE-4B8C-9D50-A61BD69A27C0}.Install|ARM64.Build.0 = Release|Any CPU
		{44EC19BF-2FCE-4B8C-9D50-A61BD69A27C0}.Install|x64.ActiveCfg = Release|Any CPU
		{44EC19BF-2FCE-4B8C-9D50-A61BD69A27C0}.Install|x64.Build.0 = Release|Any CPU
		{44EC19BF-2FCE-4B8C-9D50-A61BD69A27C0}.Install|x86.ActiveCfg = Release|Any CPU
		{44EC19BF-2FCE-4B8C-9D50-A61BD69A27C0}.Install|x86.Build.0 = Release|Any CPU
		{44EC19BF-2FCE-4B8C-9D50-A61BD69A27C0}.Release|Any CPU.ActiveCfg = Release|Any CPU
		{44EC19BF-2FCE-4B8C-9D50-A61BD69A27C0}.Release|Any CPU.Build.0 = Release|Any CPU
		{44EC19BF-2FCE-4B8C-9D50-A61BD69A27C0}.Release|ARM.ActiveCfg = Release|Any CPU
		{44EC19BF-2FCE-4B8C-9D50-A61BD69A27C0}.Release|ARM.Build.0 = Release|Any CPU
		{44EC19BF-2FCE-4B8C-9D50-A61BD69A27C0}.Release|ARM64.ActiveCfg = Release|Any CPU
		{44EC19BF-2FCE-4B8C-9D50-A61BD69A27C0}.Release|ARM64.Build.0 = Release|Any CPU
		{44EC19BF-2FCE-4B8C-9D50-A61BD69A27C0}.Release|x64.ActiveCfg = Release|Any CPU
		{44EC19BF-2FCE-4B8C-9D50-A61BD69A27C0}.Release|x64.Build.0 = Release|Any CPU
		{44EC19BF-2FCE-4B8C-9D50-A61BD69A27C0}.Release|x86.ActiveCfg = Release|Any CPU
		{44EC19BF-2FCE-4B8C-9D50-A61BD69A27C0}.Release|x86.Build.0 = Release|Any CPU
		{0AE768B1-4F8B-4B8B-A5C0-437ADF02E42B}.Debug|Any CPU.ActiveCfg = Debug|Any CPU
		{0AE768B1-4F8B-4B8B-A5C0-437ADF02E42B}.Debug|Any CPU.Build.0 = Debug|Any CPU
		{0AE768B1-4F8B-4B8B-A5C0-437ADF02E42B}.Debug|ARM.ActiveCfg = Debug|Any CPU
		{0AE768B1-4F8B-4B8B-A5C0-437ADF02E42B}.Debug|ARM.Build.0 = Debug|Any CPU
		{0AE768B1-4F8B-4B8B-A5C0-437ADF02E42B}.Debug|ARM64.ActiveCfg = Debug|Any CPU
		{0AE768B1-4F8B-4B8B-A5C0-437ADF02E42B}.Debug|ARM64.Build.0 = Debug|Any CPU
		{0AE768B1-4F8B-4B8B-A5C0-437ADF02E42B}.Debug|x64.ActiveCfg = Debug|Any CPU
		{0AE768B1-4F8B-4B8B-A5C0-437ADF02E42B}.Debug|x64.Build.0 = Debug|Any CPU
		{0AE768B1-4F8B-4B8B-A5C0-437ADF02E42B}.Debug|x86.ActiveCfg = Debug|Any CPU
		{0AE768B1-4F8B-4B8B-A5C0-437ADF02E42B}.Debug|x86.Build.0 = Debug|Any CPU
		{0AE768B1-4F8B-4B8B-A5C0-437ADF02E42B}.Install|Any CPU.ActiveCfg = Release|Any CPU
		{0AE768B1-4F8B-4B8B-A5C0-437ADF02E42B}.Install|ARM.ActiveCfg = Release|Any CPU
		{0AE768B1-4F8B-4B8B-A5C0-437ADF02E42B}.Install|ARM.Build.0 = Release|Any CPU
		{0AE768B1-4F8B-4B8B-A5C0-437ADF02E42B}.Install|ARM64.ActiveCfg = Release|Any CPU
		{0AE768B1-4F8B-4B8B-A5C0-437ADF02E42B}.Install|ARM64.Build.0 = Release|Any CPU
		{0AE768B1-4F8B-4B8B-A5C0-437ADF02E42B}.Install|x64.ActiveCfg = Release|Any CPU
		{0AE768B1-4F8B-4B8B-A5C0-437ADF02E42B}.Install|x64.Build.0 = Release|Any CPU
		{0AE768B1-4F8B-4B8B-A5C0-437ADF02E42B}.Install|x86.ActiveCfg = Release|Any CPU
		{0AE768B1-4F8B-4B8B-A5C0-437ADF02E42B}.Install|x86.Build.0 = Release|Any CPU
		{0AE768B1-4F8B-4B8B-A5C0-437ADF02E42B}.Release|Any CPU.ActiveCfg = Release|Any CPU
		{0AE768B1-4F8B-4B8B-A5C0-437ADF02E42B}.Release|Any CPU.Build.0 = Release|Any CPU
		{0AE768B1-4F8B-4B8B-A5C0-437ADF02E42B}.Release|ARM.ActiveCfg = Release|Any CPU
		{0AE768B1-4F8B-4B8B-A5C0-437ADF02E42B}.Release|ARM.Build.0 = Release|Any CPU
		{0AE768B1-4F8B-4B8B-A5C0-437ADF02E42B}.Release|ARM64.ActiveCfg = Release|Any CPU
		{0AE768B1-4F8B-4B8B-A5C0-437ADF02E42B}.Release|ARM64.Build.0 = Release|Any CPU
		{0AE768B1-4F8B-4B8B-A5C0-437ADF02E42B}.Release|x64.ActiveCfg = Release|Any CPU
		{0AE768B1-4F8B-4B8B-A5C0-437ADF02E42B}.Release|x64.Build.0 = Release|Any CPU
		{0AE768B1-4F8B-4B8B-A5C0-437ADF02E42B}.Release|x86.ActiveCfg = Release|Any CPU
		{0AE768B1-4F8B-4B8B-A5C0-437ADF02E42B}.Release|x86.Build.0 = Release|Any CPU
		{2C6BDBB7-C1E2-46B6-A850-47892837F0C3}.Debug|Any CPU.ActiveCfg = Debug|Any CPU
		{2C6BDBB7-C1E2-46B6-A850-47892837F0C3}.Debug|Any CPU.Build.0 = Debug|Any CPU
		{2C6BDBB7-C1E2-46B6-A850-47892837F0C3}.Debug|ARM.ActiveCfg = Debug|Any CPU
		{2C6BDBB7-C1E2-46B6-A850-47892837F0C3}.Debug|ARM.Build.0 = Debug|Any CPU
		{2C6BDBB7-C1E2-46B6-A850-47892837F0C3}.Debug|ARM64.ActiveCfg = Debug|Any CPU
		{2C6BDBB7-C1E2-46B6-A850-47892837F0C3}.Debug|ARM64.Build.0 = Debug|Any CPU
		{2C6BDBB7-C1E2-46B6-A850-47892837F0C3}.Debug|x64.ActiveCfg = Debug|Any CPU
		{2C6BDBB7-C1E2-46B6-A850-47892837F0C3}.Debug|x64.Build.0 = Debug|Any CPU
		{2C6BDBB7-C1E2-46B6-A850-47892837F0C3}.Debug|x86.ActiveCfg = Debug|Any CPU
		{2C6BDBB7-C1E2-46B6-A850-47892837F0C3}.Debug|x86.Build.0 = Debug|Any CPU
		{2C6BDBB7-C1E2-46B6-A850-47892837F0C3}.Install|Any CPU.ActiveCfg = Release|Any CPU
		{2C6BDBB7-C1E2-46B6-A850-47892837F0C3}.Install|ARM.ActiveCfg = Release|Any CPU
		{2C6BDBB7-C1E2-46B6-A850-47892837F0C3}.Install|ARM.Build.0 = Release|Any CPU
		{2C6BDBB7-C1E2-46B6-A850-47892837F0C3}.Install|ARM64.ActiveCfg = Release|Any CPU
		{2C6BDBB7-C1E2-46B6-A850-47892837F0C3}.Install|ARM64.Build.0 = Release|Any CPU
		{2C6BDBB7-C1E2-46B6-A850-47892837F0C3}.Install|x64.ActiveCfg = Release|Any CPU
		{2C6BDBB7-C1E2-46B6-A850-47892837F0C3}.Install|x64.Build.0 = Release|Any CPU
		{2C6BDBB7-C1E2-46B6-A850-47892837F0C3}.Install|x86.ActiveCfg = Release|Any CPU
		{2C6BDBB7-C1E2-46B6-A850-47892837F0C3}.Install|x86.Build.0 = Release|Any CPU
		{2C6BDBB7-C1E2-46B6-A850-47892837F0C3}.Release|Any CPU.ActiveCfg = Release|Any CPU
		{2C6BDBB7-C1E2-46B6-A850-47892837F0C3}.Release|Any CPU.Build.0 = Release|Any CPU
		{2C6BDBB7-C1E2-46B6-A850-47892837F0C3}.Release|ARM.ActiveCfg = Release|Any CPU
		{2C6BDBB7-C1E2-46B6-A850-47892837F0C3}.Release|ARM.Build.0 = Release|Any CPU
		{2C6BDBB7-C1E2-46B6-A850-47892837F0C3}.Release|ARM64.ActiveCfg = Release|Any CPU
		{2C6BDBB7-C1E2-46B6-A850-47892837F0C3}.Release|ARM64.Build.0 = Release|Any CPU
		{2C6BDBB7-C1E2-46B6-A850-47892837F0C3}.Release|x64.ActiveCfg = Release|Any CPU
		{2C6BDBB7-C1E2-46B6-A850-47892837F0C3}.Release|x64.Build.0 = Release|Any CPU
		{2C6BDBB7-C1E2-46B6-A850-47892837F0C3}.Release|x86.ActiveCfg = Release|Any CPU
		{2C6BDBB7-C1E2-46B6-A850-47892837F0C3}.Release|x86.Build.0 = Release|Any CPU
		{31433881-1F90-4513-9970-8B27CD635328}.Debug|Any CPU.ActiveCfg = Debug|Any CPU
		{31433881-1F90-4513-9970-8B27CD635328}.Debug|Any CPU.Build.0 = Debug|Any CPU
		{31433881-1F90-4513-9970-8B27CD635328}.Debug|ARM.ActiveCfg = Debug|Any CPU
		{31433881-1F90-4513-9970-8B27CD635328}.Debug|ARM.Build.0 = Debug|Any CPU
		{31433881-1F90-4513-9970-8B27CD635328}.Debug|ARM64.ActiveCfg = Debug|Any CPU
		{31433881-1F90-4513-9970-8B27CD635328}.Debug|ARM64.Build.0 = Debug|Any CPU
		{31433881-1F90-4513-9970-8B27CD635328}.Debug|x64.ActiveCfg = Debug|Any CPU
		{31433881-1F90-4513-9970-8B27CD635328}.Debug|x64.Build.0 = Debug|Any CPU
		{31433881-1F90-4513-9970-8B27CD635328}.Debug|x86.ActiveCfg = Debug|Any CPU
		{31433881-1F90-4513-9970-8B27CD635328}.Debug|x86.Build.0 = Debug|Any CPU
		{31433881-1F90-4513-9970-8B27CD635328}.Install|Any CPU.ActiveCfg = Release|Any CPU
		{31433881-1F90-4513-9970-8B27CD635328}.Install|ARM.ActiveCfg = Release|Any CPU
		{31433881-1F90-4513-9970-8B27CD635328}.Install|ARM.Build.0 = Release|Any CPU
		{31433881-1F90-4513-9970-8B27CD635328}.Install|ARM64.ActiveCfg = Release|Any CPU
		{31433881-1F90-4513-9970-8B27CD635328}.Install|ARM64.Build.0 = Release|Any CPU
		{31433881-1F90-4513-9970-8B27CD635328}.Install|x64.ActiveCfg = Release|Any CPU
		{31433881-1F90-4513-9970-8B27CD635328}.Install|x64.Build.0 = Release|Any CPU
		{31433881-1F90-4513-9970-8B27CD635328}.Install|x86.ActiveCfg = Release|Any CPU
		{31433881-1F90-4513-9970-8B27CD635328}.Install|x86.Build.0 = Release|Any CPU
		{31433881-1F90-4513-9970-8B27CD635328}.Release|Any CPU.ActiveCfg = Release|Any CPU
		{31433881-1F90-4513-9970-8B27CD635328}.Release|Any CPU.Build.0 = Release|Any CPU
		{31433881-1F90-4513-9970-8B27CD635328}.Release|ARM.ActiveCfg = Release|Any CPU
		{31433881-1F90-4513-9970-8B27CD635328}.Release|ARM.Build.0 = Release|Any CPU
		{31433881-1F90-4513-9970-8B27CD635328}.Release|ARM64.ActiveCfg = Release|Any CPU
		{31433881-1F90-4513-9970-8B27CD635328}.Release|ARM64.Build.0 = Release|Any CPU
		{31433881-1F90-4513-9970-8B27CD635328}.Release|x64.ActiveCfg = Release|Any CPU
		{31433881-1F90-4513-9970-8B27CD635328}.Release|x64.Build.0 = Release|Any CPU
		{31433881-1F90-4513-9970-8B27CD635328}.Release|x86.ActiveCfg = Release|Any CPU
		{31433881-1F90-4513-9970-8B27CD635328}.Release|x86.Build.0 = Release|Any CPU
		{D75B7B19-B06B-42E9-9363-437F5640A045}.Debug|Any CPU.ActiveCfg = Debug|Any CPU
		{D75B7B19-B06B-42E9-9363-437F5640A045}.Debug|Any CPU.Build.0 = Debug|Any CPU
		{D75B7B19-B06B-42E9-9363-437F5640A045}.Debug|ARM.ActiveCfg = Debug|Any CPU
		{D75B7B19-B06B-42E9-9363-437F5640A045}.Debug|ARM.Build.0 = Debug|Any CPU
		{D75B7B19-B06B-42E9-9363-437F5640A045}.Debug|ARM64.ActiveCfg = Debug|Any CPU
		{D75B7B19-B06B-42E9-9363-437F5640A045}.Debug|ARM64.Build.0 = Debug|Any CPU
		{D75B7B19-B06B-42E9-9363-437F5640A045}.Debug|x64.ActiveCfg = Debug|Any CPU
		{D75B7B19-B06B-42E9-9363-437F5640A045}.Debug|x64.Build.0 = Debug|Any CPU
		{D75B7B19-B06B-42E9-9363-437F5640A045}.Debug|x86.ActiveCfg = Debug|Any CPU
		{D75B7B19-B06B-42E9-9363-437F5640A045}.Debug|x86.Build.0 = Debug|Any CPU
		{D75B7B19-B06B-42E9-9363-437F5640A045}.Install|Any CPU.ActiveCfg = Release|Any CPU
		{D75B7B19-B06B-42E9-9363-437F5640A045}.Install|ARM.ActiveCfg = Release|Any CPU
		{D75B7B19-B06B-42E9-9363-437F5640A045}.Install|ARM.Build.0 = Release|Any CPU
		{D75B7B19-B06B-42E9-9363-437F5640A045}.Install|ARM64.ActiveCfg = Release|Any CPU
		{D75B7B19-B06B-42E9-9363-437F5640A045}.Install|ARM64.Build.0 = Release|Any CPU
		{D75B7B19-B06B-42E9-9363-437F5640A045}.Install|x64.ActiveCfg = Release|Any CPU
		{D75B7B19-B06B-42E9-9363-437F5640A045}.Install|x64.Build.0 = Release|Any CPU
		{D75B7B19-B06B-42E9-9363-437F5640A045}.Install|x86.ActiveCfg = Release|Any CPU
		{D75B7B19-B06B-42E9-9363-437F5640A045}.Install|x86.Build.0 = Release|Any CPU
		{D75B7B19-B06B-42E9-9363-437F5640A045}.Release|Any CPU.ActiveCfg = Release|Any CPU
		{D75B7B19-B06B-42E9-9363-437F5640A045}.Release|Any CPU.Build.0 = Release|Any CPU
		{D75B7B19-B06B-42E9-9363-437F5640A045}.Release|ARM.ActiveCfg = Release|Any CPU
		{D75B7B19-B06B-42E9-9363-437F5640A045}.Release|ARM.Build.0 = Release|Any CPU
		{D75B7B19-B06B-42E9-9363-437F5640A045}.Release|ARM64.ActiveCfg = Release|Any CPU
		{D75B7B19-B06B-42E9-9363-437F5640A045}.Release|ARM64.Build.0 = Release|Any CPU
		{D75B7B19-B06B-42E9-9363-437F5640A045}.Release|x64.ActiveCfg = Release|Any CPU
		{D75B7B19-B06B-42E9-9363-437F5640A045}.Release|x64.Build.0 = Release|Any CPU
		{D75B7B19-B06B-42E9-9363-437F5640A045}.Release|x86.ActiveCfg = Release|Any CPU
		{D75B7B19-B06B-42E9-9363-437F5640A045}.Release|x86.Build.0 = Release|Any CPU
		{63D6B295-75AA-4C53-9EA4-F9FB632B9611}.Debug|Any CPU.ActiveCfg = Debug|Any CPU
		{63D6B295-75AA-4C53-9EA4-F9FB632B9611}.Debug|Any CPU.Build.0 = Debug|Any CPU
		{63D6B295-75AA-4C53-9EA4-F9FB632B9611}.Debug|ARM.ActiveCfg = Debug|Any CPU
		{63D6B295-75AA-4C53-9EA4-F9FB632B9611}.Debug|ARM.Build.0 = Debug|Any CPU
		{63D6B295-75AA-4C53-9EA4-F9FB632B9611}.Debug|ARM64.ActiveCfg = Debug|Any CPU
		{63D6B295-75AA-4C53-9EA4-F9FB632B9611}.Debug|ARM64.Build.0 = Debug|Any CPU
		{63D6B295-75AA-4C53-9EA4-F9FB632B9611}.Debug|x64.ActiveCfg = Debug|Any CPU
		{63D6B295-75AA-4C53-9EA4-F9FB632B9611}.Debug|x64.Build.0 = Debug|Any CPU
		{63D6B295-75AA-4C53-9EA4-F9FB632B9611}.Debug|x86.ActiveCfg = Debug|Any CPU
		{63D6B295-75AA-4C53-9EA4-F9FB632B9611}.Debug|x86.Build.0 = Debug|Any CPU
		{63D6B295-75AA-4C53-9EA4-F9FB632B9611}.Install|Any CPU.ActiveCfg = Release|Any CPU
		{63D6B295-75AA-4C53-9EA4-F9FB632B9611}.Install|ARM.ActiveCfg = Release|Any CPU
		{63D6B295-75AA-4C53-9EA4-F9FB632B9611}.Install|ARM.Build.0 = Release|Any CPU
		{63D6B295-75AA-4C53-9EA4-F9FB632B9611}.Install|ARM64.ActiveCfg = Release|Any CPU
		{63D6B295-75AA-4C53-9EA4-F9FB632B9611}.Install|ARM64.Build.0 = Release|Any CPU
		{63D6B295-75AA-4C53-9EA4-F9FB632B9611}.Install|x64.ActiveCfg = Release|Any CPU
		{63D6B295-75AA-4C53-9EA4-F9FB632B9611}.Install|x64.Build.0 = Release|Any CPU
		{63D6B295-75AA-4C53-9EA4-F9FB632B9611}.Install|x86.ActiveCfg = Release|Any CPU
		{63D6B295-75AA-4C53-9EA4-F9FB632B9611}.Install|x86.Build.0 = Release|Any CPU
		{63D6B295-75AA-4C53-9EA4-F9FB632B9611}.Release|Any CPU.ActiveCfg = Release|Any CPU
		{63D6B295-75AA-4C53-9EA4-F9FB632B9611}.Release|Any CPU.Build.0 = Release|Any CPU
		{63D6B295-75AA-4C53-9EA4-F9FB632B9611}.Release|ARM.ActiveCfg = Release|Any CPU
		{63D6B295-75AA-4C53-9EA4-F9FB632B9611}.Release|ARM.Build.0 = Release|Any CPU
		{63D6B295-75AA-4C53-9EA4-F9FB632B9611}.Release|ARM64.ActiveCfg = Release|Any CPU
		{63D6B295-75AA-4C53-9EA4-F9FB632B9611}.Release|ARM64.Build.0 = Release|Any CPU
		{63D6B295-75AA-4C53-9EA4-F9FB632B9611}.Release|x64.ActiveCfg = Release|Any CPU
		{63D6B295-75AA-4C53-9EA4-F9FB632B9611}.Release|x64.Build.0 = Release|Any CPU
		{63D6B295-75AA-4C53-9EA4-F9FB632B9611}.Release|x86.ActiveCfg = Release|Any CPU
		{63D6B295-75AA-4C53-9EA4-F9FB632B9611}.Release|x86.Build.0 = Release|Any CPU
		{C885EDB5-930E-4198-AC2A-938BDEBAA775}.Debug|Any CPU.ActiveCfg = Debug|Any CPU
		{C885EDB5-930E-4198-AC2A-938BDEBAA775}.Debug|ARM.ActiveCfg = Release|Any CPU
		{C885EDB5-930E-4198-AC2A-938BDEBAA775}.Debug|ARM.Build.0 = Release|Any CPU
		{C885EDB5-930E-4198-AC2A-938BDEBAA775}.Debug|ARM64.ActiveCfg = Release|Any CPU
		{C885EDB5-930E-4198-AC2A-938BDEBAA775}.Debug|ARM64.Build.0 = Release|Any CPU
		{C885EDB5-930E-4198-AC2A-938BDEBAA775}.Debug|x64.ActiveCfg = Release|Any CPU
		{C885EDB5-930E-4198-AC2A-938BDEBAA775}.Debug|x64.Build.0 = Release|Any CPU
		{C885EDB5-930E-4198-AC2A-938BDEBAA775}.Debug|x86.ActiveCfg = Release|Any CPU
		{C885EDB5-930E-4198-AC2A-938BDEBAA775}.Debug|x86.Build.0 = Release|Any CPU
		{C885EDB5-930E-4198-AC2A-938BDEBAA775}.Install|Any CPU.ActiveCfg = Release|Any CPU
		{C885EDB5-930E-4198-AC2A-938BDEBAA775}.Install|ARM.ActiveCfg = Release|Any CPU
		{C885EDB5-930E-4198-AC2A-938BDEBAA775}.Install|ARM.Build.0 = Release|Any CPU
		{C885EDB5-930E-4198-AC2A-938BDEBAA775}.Install|ARM64.ActiveCfg = Release|Any CPU
		{C885EDB5-930E-4198-AC2A-938BDEBAA775}.Install|ARM64.Build.0 = Release|Any CPU
		{C885EDB5-930E-4198-AC2A-938BDEBAA775}.Install|x64.ActiveCfg = Release|Any CPU
		{C885EDB5-930E-4198-AC2A-938BDEBAA775}.Install|x64.Build.0 = Release|Any CPU
		{C885EDB5-930E-4198-AC2A-938BDEBAA775}.Install|x86.ActiveCfg = Release|Any CPU
		{C885EDB5-930E-4198-AC2A-938BDEBAA775}.Install|x86.Build.0 = Release|Any CPU
		{C885EDB5-930E-4198-AC2A-938BDEBAA775}.Release|Any CPU.ActiveCfg = Release|Any CPU
		{C885EDB5-930E-4198-AC2A-938BDEBAA775}.Release|ARM.ActiveCfg = Release|Any CPU
		{C885EDB5-930E-4198-AC2A-938BDEBAA775}.Release|ARM.Build.0 = Release|Any CPU
		{C885EDB5-930E-4198-AC2A-938BDEBAA775}.Release|ARM64.ActiveCfg = Release|Any CPU
		{C885EDB5-930E-4198-AC2A-938BDEBAA775}.Release|ARM64.Build.0 = Release|Any CPU
		{C885EDB5-930E-4198-AC2A-938BDEBAA775}.Release|x64.ActiveCfg = Release|Any CPU
		{C885EDB5-930E-4198-AC2A-938BDEBAA775}.Release|x64.Build.0 = Release|Any CPU
		{C885EDB5-930E-4198-AC2A-938BDEBAA775}.Release|x86.ActiveCfg = Release|Any CPU
		{C885EDB5-930E-4198-AC2A-938BDEBAA775}.Release|x86.Build.0 = Release|Any CPU
		{BFAF7A3C-3052-49A4-88A9-D5893CCF55DA}.Debug|Any CPU.ActiveCfg = Debug|Any CPU
		{BFAF7A3C-3052-49A4-88A9-D5893CCF55DA}.Debug|Any CPU.Build.0 = Debug|Any CPU
		{BFAF7A3C-3052-49A4-88A9-D5893CCF55DA}.Debug|ARM.ActiveCfg = Debug|Any CPU
		{BFAF7A3C-3052-49A4-88A9-D5893CCF55DA}.Debug|ARM.Build.0 = Debug|Any CPU
		{BFAF7A3C-3052-49A4-88A9-D5893CCF55DA}.Debug|ARM64.ActiveCfg = Debug|Any CPU
		{BFAF7A3C-3052-49A4-88A9-D5893CCF55DA}.Debug|ARM64.Build.0 = Debug|Any CPU
		{BFAF7A3C-3052-49A4-88A9-D5893CCF55DA}.Debug|x64.ActiveCfg = Debug|Any CPU
		{BFAF7A3C-3052-49A4-88A9-D5893CCF55DA}.Debug|x64.Build.0 = Debug|Any CPU
		{BFAF7A3C-3052-49A4-88A9-D5893CCF55DA}.Debug|x86.ActiveCfg = Debug|Any CPU
		{BFAF7A3C-3052-49A4-88A9-D5893CCF55DA}.Debug|x86.Build.0 = Debug|Any CPU
		{BFAF7A3C-3052-49A4-88A9-D5893CCF55DA}.Install|Any CPU.ActiveCfg = Release|Any CPU
		{BFAF7A3C-3052-49A4-88A9-D5893CCF55DA}.Install|ARM.ActiveCfg = Release|Any CPU
		{BFAF7A3C-3052-49A4-88A9-D5893CCF55DA}.Install|ARM.Build.0 = Release|Any CPU
		{BFAF7A3C-3052-49A4-88A9-D5893CCF55DA}.Install|ARM64.ActiveCfg = Release|Any CPU
		{BFAF7A3C-3052-49A4-88A9-D5893CCF55DA}.Install|ARM64.Build.0 = Release|Any CPU
		{BFAF7A3C-3052-49A4-88A9-D5893CCF55DA}.Install|x64.ActiveCfg = Release|Any CPU
		{BFAF7A3C-3052-49A4-88A9-D5893CCF55DA}.Install|x64.Build.0 = Release|Any CPU
		{BFAF7A3C-3052-49A4-88A9-D5893CCF55DA}.Install|x86.ActiveCfg = Release|Any CPU
		{BFAF7A3C-3052-49A4-88A9-D5893CCF55DA}.Install|x86.Build.0 = Release|Any CPU
		{BFAF7A3C-3052-49A4-88A9-D5893CCF55DA}.Release|Any CPU.ActiveCfg = Release|Any CPU
		{BFAF7A3C-3052-49A4-88A9-D5893CCF55DA}.Release|Any CPU.Build.0 = Release|Any CPU
		{BFAF7A3C-3052-49A4-88A9-D5893CCF55DA}.Release|ARM.ActiveCfg = Release|Any CPU
		{BFAF7A3C-3052-49A4-88A9-D5893CCF55DA}.Release|ARM.Build.0 = Release|Any CPU
		{BFAF7A3C-3052-49A4-88A9-D5893CCF55DA}.Release|ARM64.ActiveCfg = Release|Any CPU
		{BFAF7A3C-3052-49A4-88A9-D5893CCF55DA}.Release|ARM64.Build.0 = Release|Any CPU
		{BFAF7A3C-3052-49A4-88A9-D5893CCF55DA}.Release|x64.ActiveCfg = Release|Any CPU
		{BFAF7A3C-3052-49A4-88A9-D5893CCF55DA}.Release|x64.Build.0 = Release|Any CPU
		{BFAF7A3C-3052-49A4-88A9-D5893CCF55DA}.Release|x86.ActiveCfg = Release|Any CPU
		{BFAF7A3C-3052-49A4-88A9-D5893CCF55DA}.Release|x86.Build.0 = Release|Any CPU
		{AA181309-9DD3-412C-8651-D5E72763DB2B}.Debug|Any CPU.ActiveCfg = Debug|x86
		{AA181309-9DD3-412C-8651-D5E72763DB2B}.Debug|ARM.ActiveCfg = Debug|x86
		{AA181309-9DD3-412C-8651-D5E72763DB2B}.Debug|ARM64.ActiveCfg = Debug|x86
		{AA181309-9DD3-412C-8651-D5E72763DB2B}.Debug|x64.ActiveCfg = Debug|x86
		{AA181309-9DD3-412C-8651-D5E72763DB2B}.Debug|x86.ActiveCfg = Debug|x86
		{AA181309-9DD3-412C-8651-D5E72763DB2B}.Debug|x86.Build.0 = Debug|x86
		{AA181309-9DD3-412C-8651-D5E72763DB2B}.Install|Any CPU.ActiveCfg = Release|x86
		{AA181309-9DD3-412C-8651-D5E72763DB2B}.Install|Any CPU.Build.0 = Release|x86
		{AA181309-9DD3-412C-8651-D5E72763DB2B}.Install|ARM.ActiveCfg = Release|x86
		{AA181309-9DD3-412C-8651-D5E72763DB2B}.Install|ARM.Build.0 = Release|x86
		{AA181309-9DD3-412C-8651-D5E72763DB2B}.Install|ARM64.ActiveCfg = Release|x86
		{AA181309-9DD3-412C-8651-D5E72763DB2B}.Install|ARM64.Build.0 = Release|x86
		{AA181309-9DD3-412C-8651-D5E72763DB2B}.Install|x64.ActiveCfg = Release|x86
		{AA181309-9DD3-412C-8651-D5E72763DB2B}.Install|x64.Build.0 = Release|x86
		{AA181309-9DD3-412C-8651-D5E72763DB2B}.Install|x86.ActiveCfg = Release|x86
		{AA181309-9DD3-412C-8651-D5E72763DB2B}.Install|x86.Build.0 = Release|x86
		{AA181309-9DD3-412C-8651-D5E72763DB2B}.Release|Any CPU.ActiveCfg = Release|x86
		{AA181309-9DD3-412C-8651-D5E72763DB2B}.Release|ARM.ActiveCfg = Release|x86
		{AA181309-9DD3-412C-8651-D5E72763DB2B}.Release|ARM64.ActiveCfg = Release|x86
		{AA181309-9DD3-412C-8651-D5E72763DB2B}.Release|x64.ActiveCfg = Release|x86
		{AA181309-9DD3-412C-8651-D5E72763DB2B}.Release|x86.ActiveCfg = Release|x86
		{AA181309-9DD3-412C-8651-D5E72763DB2B}.Release|x86.Build.0 = Release|x86
	EndGlobalSection
	GlobalSection(SolutionProperties) = preSolution
		HideSolutionNode = FALSE
	EndGlobalSection
	GlobalSection(ExtensibilityGlobals) = postSolution
		SolutionGuid = {F66F23AD-A286-4CF2-B763-BA577C60174D}
	EndGlobalSection
EndGlobal
